// !$*UTF8*$!
{
	archiveVersion = 1;
	classes = {
	};
	objectVersion = 56;
	objects = {

/* Begin PBXBuildFile section */
		FE4002DD2AA5BB7F00A6862D /* AppDelegate.swift in Sources */ = {isa = PBXBuildFile; fileRef = FE4002DC2AA5BB7F00A6862D /* AppDelegate.swift */; };
		FE4002DF2AA5BB7F00A6862D /* SceneDelegate.swift in Sources */ = {isa = PBXBuildFile; fileRef = FE4002DE2AA5BB7F00A6862D /* SceneDelegate.swift */; };
		FE4002E12AA5BB7F00A6862D /* ViewController.swift in Sources */ = {isa = PBXBuildFile; fileRef = FE4002E02AA5BB7F00A6862D /* ViewController.swift */; };
		FE4002E42AA5BB7F00A6862D /* Main.storyboard in Resources */ = {isa = PBXBuildFile; fileRef = FE4002E22AA5BB7F00A6862D /* Main.storyboard */; };
		FE4002E62AA5BB8000A6862D /* Assets.xcassets in Resources */ = {isa = PBXBuildFile; fileRef = FE4002E52AA5BB8000A6862D /* Assets.xcassets */; };
		FE4002E92AA5BB8000A6862D /* LaunchScreen.storyboard in Resources */ = {isa = PBXBuildFile; fileRef = FE4002E72AA5BB8000A6862D /* LaunchScreen.storyboard */; };
		FE4002F42AA5BB8100A6862D /* tre_i_radTests.swift in Sources */ = {isa = PBXBuildFile; fileRef = FE4002F32AA5BB8100A6862D /* tre_i_radTests.swift */; };
		FE4002FE2AA5BB8100A6862D /* tre_i_radUITests.swift in Sources */ = {isa = PBXBuildFile; fileRef = FE4002FD2AA5BB8100A6862D /* tre_i_radUITests.swift */; };
		FE4003002AA5BB8100A6862D /* tre_i_radUITestsLaunchTests.swift in Sources */ = {isa = PBXBuildFile; fileRef = FE4002FF2AA5BB8100A6862D /* tre_i_radUITestsLaunchTests.swift */; };
/* End PBXBuildFile section */

/* Begin PBXContainerItemProxy section */
		FE4002F02AA5BB8100A6862D /* PBXContainerItemProxy */ = {
			isa = PBXContainerItemProxy;
			containerPortal = FE4002D12AA5BB7F00A6862D /* Project object */;
			proxyType = 1;
			remoteGlobalIDString = FE4002D82AA5BB7F00A6862D;
			remoteInfo = tre_i_rad;
		};
		FE4002FA2AA5BB8100A6862D /* PBXContainerItemProxy */ = {
			isa = PBXContainerItemProxy;
			containerPortal = FE4002D12AA5BB7F00A6862D /* Project object */;
			proxyType = 1;
			remoteGlobalIDString = FE4002D82AA5BB7F00A6862D;
			remoteInfo = tre_i_rad;
		};
/* End PBXContainerItemProxy section */

/* Begin PBXFileReference section */
		FE4002D92AA5BB7F00A6862D /* tre_i_rad.app */ = {isa = PBXFileReference; explicitFileType = wrapper.application; includeInIndex = 0; path = tre_i_rad.app; sourceTree = BUILT_PRODUCTS_DIR; };
		FE4002DC2AA5BB7F00A6862D /* AppDelegate.swift */ = {isa = PBXFileReference; lastKnownFileType = sourcecode.swift; path = AppDelegate.swift; sourceTree = "<group>"; };
		FE4002DE2AA5BB7F00A6862D /* SceneDelegate.swift */ = {isa = PBXFileReference; lastKnownFileType = sourcecode.swift; path = SceneDelegate.swift; sourceTree = "<group>"; };
		FE4002E02AA5BB7F00A6862D /* ViewController.swift */ = {isa = PBXFileReference; lastKnownFileType = sourcecode.swift; path = ViewController.swift; sourceTree = "<group>"; };
		FE4002E32AA5BB7F00A6862D /* Base */ = {isa = PBXFileReference; lastKnownFileType = file.storyboard; name = Base; path = Base.lproj/Main.storyboard; sourceTree = "<group>"; };
		FE4002E52AA5BB8000A6862D /* Assets.xcassets */ = {isa = PBXFileReference; lastKnownFileType = folder.assetcatalog; path = Assets.xcassets; sourceTree = "<group>"; };
		FE4002E82AA5BB8000A6862D /* Base */ = {isa = PBXFileReference; lastKnownFileType = file.storyboard; name = Base; path = Base.lproj/LaunchScreen.storyboard; sourceTree = "<group>"; };
		FE4002EA2AA5BB8000A6862D /* Info.plist */ = {isa = PBXFileReference; lastKnownFileType = text.plist.xml; path = Info.plist; sourceTree = "<group>"; };
		FE4002EF2AA5BB8100A6862D /* tre_i_radTests.xctest */ = {isa = PBXFileReference; explicitFileType = wrapper.cfbundle; includeInIndex = 0; path = tre_i_radTests.xctest; sourceTree = BUILT_PRODUCTS_DIR; };
		FE4002F32AA5BB8100A6862D /* tre_i_radTests.swift */ = {isa = PBXFileReference; lastKnownFileType = sourcecode.swift; path = tre_i_radTests.swift; sourceTree = "<group>"; };
		FE4002F92AA5BB8100A6862D /* tre_i_radUITests.xctest */ = {isa = PBXFileReference; explicitFileType = wrapper.cfbundle; includeInIndex = 0; path = tre_i_radUITests.xctest; sourceTree = BUILT_PRODUCTS_DIR; };
		FE4002FD2AA5BB8100A6862D /* tre_i_radUITests.swift */ = {isa = PBXFileReference; lastKnownFileType = sourcecode.swift; path = tre_i_radUITests.swift; sourceTree = "<group>"; };
		FE4002FF2AA5BB8100A6862D /* tre_i_radUITestsLaunchTests.swift */ = {isa = PBXFileReference; lastKnownFileType = sourcecode.swift; path = tre_i_radUITestsLaunchTests.swift; sourceTree = "<group>"; };
/* End PBXFileReference section */

/* Begin PBXFrameworksBuildPhase section */
		FE4002D62AA5BB7F00A6862D /* Frameworks */ = {
			isa = PBXFrameworksBuildPhase;
			buildActionMask = 2147483647;
			files = (
			);
			runOnlyForDeploymentPostprocessing = 0;
		};
		FE4002EC2AA5BB8100A6862D /* Frameworks */ = {
			isa = PBXFrameworksBuildPhase;
			buildActionMask = 2147483647;
			files = (
			);
			runOnlyForDeploymentPostprocessing = 0;
		};
		FE4002F62AA5BB8100A6862D /* Frameworks */ = {
			isa = PBXFrameworksBuildPhase;
			buildActionMask = 2147483647;
			files = (
			);
			runOnlyForDeploymentPostprocessing = 0;
		};
/* End PBXFrameworksBuildPhase section */

/* Begin PBXGroup section */
		FE4002D02AA5BB7F00A6862D = {
			isa = PBXGroup;
			children = (
				FE4002DB2AA5BB7F00A6862D /* tre_i_rad */,
				FE4002F22AA5BB8100A6862D /* tre_i_radTests */,
				FE4002FC2AA5BB8100A6862D /* tre_i_radUITests */,
				FE4002DA2AA5BB7F00A6862D /* Products */,
			);
			sourceTree = "<group>";
		};
		FE4002DA2AA5BB7F00A6862D /* Products */ = {
			isa = PBXGroup;
			children = (
				FE4002D92AA5BB7F00A6862D /* tre_i_rad.app */,
				FE4002EF2AA5BB8100A6862D /* tre_i_radTests.xctest */,
				FE4002F92AA5BB8100A6862D /* tre_i_radUITests.xctest */,
			);
			name = Products;
			sourceTree = "<group>";
		};
		FE4002DB2AA5BB7F00A6862D /* tre_i_rad */ = {
			isa = PBXGroup;
			children = (
				FE7BABC32AAF82DC006D0CA5 /* viewControllers */,
				FE7BABC12AAF82B2006D0CA5 /* model */,
				FE4002DC2AA5BB7F00A6862D /* AppDelegate.swift */,
				FE4002DE2AA5BB7F00A6862D /* SceneDelegate.swift */,
				FE4002E02AA5BB7F00A6862D /* ViewController.swift */,
				FE4002E22AA5BB7F00A6862D /* Main.storyboard */,
				FE4002E52AA5BB8000A6862D /* Assets.xcassets */,
				FE4002E72AA5BB8000A6862D /* LaunchScreen.storyboard */,
				FE4002EA2AA5BB8000A6862D /* Info.plist */,
			);
			path = tre_i_rad;
			sourceTree = "<group>";
		};
		FE4002F22AA5BB8100A6862D /* tre_i_radTests */ = {
			isa = PBXGroup;
			children = (
				FE4002F32AA5BB8100A6862D /* tre_i_radTests.swift */,
			);
			path = tre_i_radTests;
			sourceTree = "<group>";
		};
		FE4002FC2AA5BB8100A6862D /* tre_i_radUITests */ = {
			isa = PBXGroup;
			children = (
				FE4002FD2AA5BB8100A6862D /* tre_i_radUITests.swift */,
				FE4002FF2AA5BB8100A6862D /* tre_i_radUITestsLaunchTests.swift */,
			);
			path = tre_i_radUITests;
			sourceTree = "<group>";
		};
		FE7BABC12AAF82B2006D0CA5 /* model */ = {
			isa = PBXGroup;
			children = (
			);
			path = model;
			sourceTree = "<group>";
		};
		FE7BABC32AAF82DC006D0CA5 /* viewControllers */ = {
			isa = PBXGroup;
			children = (
			);
			path = viewControllers;
			sourceTree = "<group>";
		};
/* End PBXGroup section */

/* Begin PBXNativeTarget section */
		FE4002D82AA5BB7F00A6862D /* tre_i_rad */ = {
			isa = PBXNativeTarget;
			buildConfigurationList = FE4003032AA5BB8100A6862D /* Build configuration list for PBXNativeTarget "tre_i_rad" */;
			buildPhases = (
				FE4002D52AA5BB7F00A6862D /* Sources */,
				FE4002D62AA5BB7F00A6862D /* Frameworks */,
				FE4002D72AA5BB7F00A6862D /* Resources */,
			);
			buildRules = (
			);
			dependencies = (
			);
			name = tre_i_rad;
			productName = tre_i_rad;
			productReference = FE4002D92AA5BB7F00A6862D /* tre_i_rad.app */;
			productType = "com.apple.product-type.application";
		};
		FE4002EE2AA5BB8100A6862D /* tre_i_radTests */ = {
			isa = PBXNativeTarget;
			buildConfigurationList = FE4003062AA5BB8100A6862D /* Build configuration list for PBXNativeTarget "tre_i_radTests" */;
			buildPhases = (
				FE4002EB2AA5BB8100A6862D /* Sources */,
				FE4002EC2AA5BB8100A6862D /* Frameworks */,
				FE4002ED2AA5BB8100A6862D /* Resources */,
			);
			buildRules = (
			);
			dependencies = (
				FE4002F12AA5BB8100A6862D /* PBXTargetDependency */,
			);
			name = tre_i_radTests;
			productName = tre_i_radTests;
			productReference = FE4002EF2AA5BB8100A6862D /* tre_i_radTests.xctest */;
			productType = "com.apple.product-type.bundle.unit-test";
		};
		FE4002F82AA5BB8100A6862D /* tre_i_radUITests */ = {
			isa = PBXNativeTarget;
			buildConfigurationList = FE4003092AA5BB8100A6862D /* Build configuration list for PBXNativeTarget "tre_i_radUITests" */;
			buildPhases = (
				FE4002F52AA5BB8100A6862D /* Sources */,
				FE4002F62AA5BB8100A6862D /* Frameworks */,
				FE4002F72AA5BB8100A6862D /* Resources */,
			);
			buildRules = (
			);
			dependencies = (
				FE4002FB2AA5BB8100A6862D /* PBXTargetDependency */,
			);
			name = tre_i_radUITests;
			productName = tre_i_radUITests;
			productReference = FE4002F92AA5BB8100A6862D /* tre_i_radUITests.xctest */;
			productType = "com.apple.product-type.bundle.ui-testing";
		};
/* End PBXNativeTarget section */

/* Begin PBXProject section */
		FE4002D12AA5BB7F00A6862D /* Project object */ = {
			isa = PBXProject;
			attributes = {
				BuildIndependentTargetsInParallel = 1;
				LastSwiftUpdateCheck = 1430;
				LastUpgradeCheck = 1430;
				TargetAttributes = {
					FE4002D82AA5BB7F00A6862D = {
						CreatedOnToolsVersion = 14.3.1;
					};
					FE4002EE2AA5BB8100A6862D = {
						CreatedOnToolsVersion = 14.3.1;
						TestTargetID = FE4002D82AA5BB7F00A6862D;
					};
					FE4002F82AA5BB8100A6862D = {
						CreatedOnToolsVersion = 14.3.1;
						TestTargetID = FE4002D82AA5BB7F00A6862D;
					};
				};
			};
			buildConfigurationList = FE4002D42AA5BB7F00A6862D /* Build configuration list for PBXProject "tre_i_rad" */;
			compatibilityVersion = "Xcode 14.0";
			developmentRegion = en;
			hasScannedForEncodings = 0;
			knownRegions = (
				en,
				Base,
			);
			mainGroup = FE4002D02AA5BB7F00A6862D;
			productRefGroup = FE4002DA2AA5BB7F00A6862D /* Products */;
			projectDirPath = "";
			projectRoot = "";
			targets = (
				FE4002D82AA5BB7F00A6862D /* tre_i_rad */,
				FE4002EE2AA5BB8100A6862D /* tre_i_radTests */,
				FE4002F82AA5BB8100A6862D /* tre_i_radUITests */,
			);
		};
/* End PBXProject section */

/* Begin PBXResourcesBuildPhase section */
		FE4002D72AA5BB7F00A6862D /* Resources */ = {
			isa = PBXResourcesBuildPhase;
			buildActionMask = 2147483647;
			files = (
				FE4002E92AA5BB8000A6862D /* LaunchScreen.storyboard in Resources */,
				FE4002E62AA5BB8000A6862D /* Assets.xcassets in Resources */,
				FE4002E42AA5BB7F00A6862D /* Main.storyboard in Resources */,
			);
			runOnlyForDeploymentPostprocessing = 0;
		};
		FE4002ED2AA5BB8100A6862D /* Resources */ = {
			isa = PBXResourcesBuildPhase;
			buildActionMask = 2147483647;
			files = (
			);
			runOnlyForDeploymentPostprocessing = 0;
		};
		FE4002F72AA5BB8100A6862D /* Resources */ = {
			isa = PBXResourcesBuildPhase;
			buildActionMask = 2147483647;
			files = (
			);
			runOnlyForDeploymentPostprocessing = 0;
		};
/* End PBXResourcesBuildPhase section */

/* Begin PBXSourcesBuildPhase section */
		FE4002D52AA5BB7F00A6862D /* Sources */ = {
			isa = PBXSourcesBuildPhase;
			buildActionMask = 2147483647;
			files = (
				FE4002E12AA5BB7F00A6862D /* ViewController.swift in Sources */,
				FE4002DD2AA5BB7F00A6862D /* AppDelegate.swift in Sources */,
				FE4002DF2AA5BB7F00A6862D /* SceneDelegate.swift in Sources */,
			);
			runOnlyForDeploymentPostprocessing = 0;
		};
		FE4002EB2AA5BB8100A6862D /* Sources */ = {
			isa = PBXSourcesBuildPhase;
			buildActionMask = 2147483647;
			files = (
				FE4002F42AA5BB8100A6862D /* tre_i_radTests.swift in Sources */,
			);
			runOnlyForDeploymentPostprocessing = 0;
		};
		FE4002F52AA5BB8100A6862D /* Sources */ = {
			isa = PBXSourcesBuildPhase;
			buildActionMask = 2147483647;
			files = (
				FE4003002AA5BB8100A6862D /* tre_i_radUITestsLaunchTests.swift in Sources */,
				FE4002FE2AA5BB8100A6862D /* tre_i_radUITests.swift in Sources */,
			);
			runOnlyForDeploymentPostprocessing = 0;
		};
/* End PBXSourcesBuildPhase section */

/* Begin PBXTargetDependency section */
		FE4002F12AA5BB8100A6862D /* PBXTargetDependency */ = {
			isa = PBXTargetDependency;
			target = FE4002D82AA5BB7F00A6862D /* tre_i_rad */;
			targetProxy = FE4002F02AA5BB8100A6862D /* PBXContainerItemProxy */;
		};
		FE4002FB2AA5BB8100A6862D /* PBXTargetDependency */ = {
			isa = PBXTargetDependency;
			target = FE4002D82AA5BB7F00A6862D /* tre_i_rad */;
			targetProxy = FE4002FA2AA5BB8100A6862D /* PBXContainerItemProxy */;
		};
/* End PBXTargetDependency section */

/* Begin PBXVariantGroup section */
		FE4002E22AA5BB7F00A6862D /* Main.storyboard */ = {
			isa = PBXVariantGroup;
			children = (
				FE4002E32AA5BB7F00A6862D /* Base */,
			);
			name = Main.storyboard;
			sourceTree = "<group>";
		};
		FE4002E72AA5BB8000A6862D /* LaunchScreen.storyboard */ = {
			isa = PBXVariantGroup;
			children = (
				FE4002E82AA5BB8000A6862D /* Base */,
			);
			name = LaunchScreen.storyboard;
			sourceTree = "<group>";
		};
/* End PBXVariantGroup section */

/* Begin XCBuildConfiguration section */
		FE4003012AA5BB8100A6862D /* Debug */ = {
			isa = XCBuildConfiguration;
			buildSettings = {
				ALWAYS_SEARCH_USER_PATHS = NO;
				CLANG_ANALYZER_NONNULL = YES;
				CLANG_ANALYZER_NUMBER_OBJECT_CONVERSION = YES_AGGRESSIVE;
				CLANG_CXX_LANGUAGE_STANDARD = "gnu++20";
				CLANG_ENABLE_MODULES = YES;
				CLANG_ENABLE_OBJC_ARC = YES;
				CLANG_ENABLE_OBJC_WEAK = YES;
				CLANG_WARN_BLOCK_CAPTURE_AUTORELEASING = YES;
				CLANG_WARN_BOOL_CONVERSION = YES;
				CLANG_WARN_COMMA = YES;
				CLANG_WARN_CONSTANT_CONVERSION = YES;
				CLANG_WARN_DEPRECATED_OBJC_IMPLEMENTATIONS = YES;
				CLANG_WARN_DIRECT_OBJC_ISA_USAGE = YES_ERROR;
				CLANG_WARN_DOCUMENTATION_COMMENTS = YES;
				CLANG_WARN_EMPTY_BODY = YES;
				CLANG_WARN_ENUM_CONVERSION = YES;
				CLANG_WARN_INFINITE_RECURSION = YES;
				CLANG_WARN_INT_CONVERSION = YES;
				CLANG_WARN_NON_LITERAL_NULL_CONVERSION = YES;
				CLANG_WARN_OBJC_IMPLICIT_RETAIN_SELF = YES;
				CLANG_WARN_OBJC_LITERAL_CONVERSION = YES;
				CLANG_WARN_OBJC_ROOT_CLASS = YES_ERROR;
				CLANG_WARN_QUOTED_INCLUDE_IN_FRAMEWORK_HEADER = YES;
				CLANG_WARN_RANGE_LOOP_ANALYSIS = YES;
				CLANG_WARN_STRICT_PROTOTYPES = YES;
				CLANG_WARN_SUSPICIOUS_MOVE = YES;
				CLANG_WARN_UNGUARDED_AVAILABILITY = YES_AGGRESSIVE;
				CLANG_WARN_UNREACHABLE_CODE = YES;
				CLANG_WARN__DUPLICATE_METHOD_MATCH = YES;
				COPY_PHASE_STRIP = NO;
				DEBUG_INFORMATION_FORMAT = dwarf;
				ENABLE_STRICT_OBJC_MSGSEND = YES;
				ENABLE_TESTABILITY = YES;
				GCC_C_LANGUAGE_STANDARD = gnu11;
				GCC_DYNAMIC_NO_PIC = NO;
				GCC_NO_COMMON_BLOCKS = YES;
				GCC_OPTIMIZATION_LEVEL = 0;
				GCC_PREPROCESSOR_DEFINITIONS = (
					"DEBUG=1",
					"$(inherited)",
				);
				GCC_WARN_64_TO_32_BIT_CONVERSION = YES;
				GCC_WARN_ABOUT_RETURN_TYPE = YES_ERROR;
				GCC_WARN_UNDECLARED_SELECTOR = YES;
				GCC_WARN_UNINITIALIZED_AUTOS = YES_AGGRESSIVE;
				GCC_WARN_UNUSED_FUNCTION = YES;
				GCC_WARN_UNUSED_VARIABLE = YES;
				IPHONEOS_DEPLOYMENT_TARGET = 16.4;
				MTL_ENABLE_DEBUG_INFO = INCLUDE_SOURCE;
				MTL_FAST_MATH = YES;
				ONLY_ACTIVE_ARCH = YES;
				SDKROOT = iphoneos;
				SWIFT_ACTIVE_COMPILATION_CONDITIONS = DEBUG;
				SWIFT_OPTIMIZATION_LEVEL = "-Onone";
			};
			name = Debug;
		};
		FE4003022AA5BB8100A6862D /* Release */ = {
			isa = XCBuildConfiguration;
			buildSettings = {
				ALWAYS_SEARCH_USER_PATHS = NO;
				CLANG_ANALYZER_NONNULL = YES;
				CLANG_ANALYZER_NUMBER_OBJECT_CONVERSION = YES_AGGRESSIVE;
				CLANG_CXX_LANGUAGE_STANDARD = "gnu++20";
				CLANG_ENABLE_MODULES = YES;
				CLANG_ENABLE_OBJC_ARC = YES;
				CLANG_ENABLE_OBJC_WEAK = YES;
				CLANG_WARN_BLOCK_CAPTURE_AUTORELEASING = YES;
				CLANG_WARN_BOOL_CONVERSION = YES;
				CLANG_WARN_COMMA = YES;
				CLANG_WARN_CONSTANT_CONVERSION = YES;
				CLANG_WARN_DEPRECATED_OBJC_IMPLEMENTATIONS = YES;
				CLANG_WARN_DIRECT_OBJC_ISA_USAGE = YES_ERROR;
				CLANG_WARN_DOCUMENTATION_COMMENTS = YES;
				CLANG_WARN_EMPTY_BODY = YES;
				CLANG_WARN_ENUM_CONVERSION = YES;
				CLANG_WARN_INFINITE_RECURSION = YES;
				CLANG_WARN_INT_CONVERSION = YES;
				CLANG_WARN_NON_LITERAL_NULL_CONVERSION = YES;
				CLANG_WARN_OBJC_IMPLICIT_RETAIN_SELF = YES;
				CLANG_WARN_OBJC_LITERAL_CONVERSION = YES;
				CLANG_WARN_OBJC_ROOT_CLASS = YES_ERROR;
				CLANG_WARN_QUOTED_INCLUDE_IN_FRAMEWORK_HEADER = YES;
				CLANG_WARN_RANGE_LOOP_ANALYSIS = YES;
				CLANG_WARN_STRICT_PROTOTYPES = YES;
				CLANG_WARN_SUSPICIOUS_MOVE = YES;
				CLANG_WARN_UNGUARDED_AVAILABILITY = YES_AGGRESSIVE;
				CLANG_WARN_UNREACHABLE_CODE = YES;
				CLANG_WARN__DUPLICATE_METHOD_MATCH = YES;
				COPY_PHASE_STRIP = NO;
				DEBUG_INFORMATION_FORMAT = "dwarf-with-dsym";
				ENABLE_NS_ASSERTIONS = NO;
				ENABLE_STRICT_OBJC_MSGSEND = YES;
				GCC_C_LANGUAGE_STANDARD = gnu11;
				GCC_NO_COMMON_BLOCKS = YES;
				GCC_WARN_64_TO_32_BIT_CONVERSION = YES;
				GCC_WARN_ABOUT_RETURN_TYPE = YES_ERROR;
				GCC_WARN_UNDECLARED_SELECTOR = YES;
				GCC_WARN_UNINITIALIZED_AUTOS = YES_AGGRESSIVE;
				GCC_WARN_UNUSED_FUNCTION = YES;
				GCC_WARN_UNUSED_VARIABLE = YES;
				IPHONEOS_DEPLOYMENT_TARGET = 16.4;
				MTL_ENABLE_DEBUG_INFO = NO;
				MTL_FAST_MATH = YES;
				SDKROOT = iphoneos;
				SWIFT_COMPILATION_MODE = wholemodule;
				SWIFT_OPTIMIZATION_LEVEL = "-O";
				VALIDATE_PRODUCT = YES;
			};
			name = Release;
		};
		FE4003042AA5BB8100A6862D /* Debug */ = {
			isa = XCBuildConfiguration;
			buildSettings = {
				ASSETCATALOG_COMPILER_APPICON_NAME = AppIcon;
				ASSETCATALOG_COMPILER_GLOBAL_ACCENT_COLOR_NAME = AccentColor;
				CODE_SIGN_STYLE = Automatic;
				CURRENT_PROJECT_VERSION = 1;
				GENERATE_INFOPLIST_FILE = YES;
				INFOPLIST_FILE = tre_i_rad/Info.plist;
				INFOPLIST_KEY_UIApplicationSupportsIndirectInputEvents = YES;
				INFOPLIST_KEY_UILaunchStoryboardName = LaunchScreen;
				INFOPLIST_KEY_UIMainStoryboardFile = Main;
				INFOPLIST_KEY_UISupportedInterfaceOrientations_iPad = "UIInterfaceOrientationPortrait UIInterfaceOrientationPortraitUpsideDown UIInterfaceOrientationLandscapeLeft UIInterfaceOrientationLandscapeRight";
				INFOPLIST_KEY_UISupportedInterfaceOrientations_iPhone = "UIInterfaceOrientationPortrait UIInterfaceOrientationLandscapeLeft UIInterfaceOrientationLandscapeRight";
				LD_RUNPATH_SEARCH_PATHS = (
					"$(inherited)",
					"@executable_path/Frameworks",
				);
				MARKETING_VERSION = 1.0;
				PRODUCT_BUNDLE_IDENTIFIER = "com.taokyone.tre-i-rad";
				PRODUCT_NAME = "$(TARGET_NAME)";
				SWIFT_EMIT_LOC_STRINGS = YES;
				SWIFT_VERSION = 5.0;
				TARGETED_DEVICE_FAMILY = "1,2";
			};
			name = Debug;
		};
		FE4003052AA5BB8100A6862D /* Release */ = {
			isa = XCBuildConfiguration;
			buildSettings = {
				ASSETCATALOG_COMPILER_APPICON_NAME = AppIcon;
				ASSETCATALOG_COMPILER_GLOBAL_ACCENT_COLOR_NAME = AccentColor;
				CODE_SIGN_STYLE = Automatic;
				CURRENT_PROJECT_VERSION = 1;
				GENERATE_INFOPLIST_FILE = YES;
				INFOPLIST_FILE = tre_i_rad/Info.plist;
				INFOPLIST_KEY_UIApplicationSupportsIndirectInputEvents = YES;
				INFOPLIST_KEY_UILaunchStoryboardName = LaunchScreen;
				INFOPLIST_KEY_UIMainStoryboardFile = Main;
				INFOPLIST_KEY_UISupportedInterfaceOrientations_iPad = "UIInterfaceOrientationPortrait UIInterfaceOrientationPortraitUpsideDown UIInterfaceOrientationLandscapeLeft UIInterfaceOrientationLandscapeRight";
				INFOPLIST_KEY_UISupportedInterfaceOrientations_iPhone = "UIInterfaceOrientationPortrait UIInterfaceOrientationLandscapeLeft UIInterfaceOrientationLandscapeRight";
				LD_RUNPATH_SEARCH_PATHS = (
					"$(inherited)",
					"@executable_path/Frameworks",
				);
				MARKETING_VERSION = 1.0;
				PRODUCT_BUNDLE_IDENTIFIER = "com.taokyone.tre-i-rad";
				PRODUCT_NAME = "$(TARGET_NAME)";
				SWIFT_EMIT_LOC_STRINGS = YES;
				SWIFT_VERSION = 5.0;
				TARGETED_DEVICE_FAMILY = "1,2";
			};
			name = Release;
		};
		FE4003072AA5BB8100A6862D /* Debug */ = {
			isa = XCBuildConfiguration;
			buildSettings = {
				ALWAYS_EMBED_SWIFT_STANDARD_LIBRARIES = YES;
				BUNDLE_LOADER = "$(TEST_HOST)";
				CODE_SIGN_STYLE = Automatic;
				CURRENT_PROJECT_VERSION = 1;
				GENERATE_INFOPLIST_FILE = YES;
				IPHONEOS_DEPLOYMENT_TARGET = 16.4;
				MARKETING_VERSION = 1.0;
				PRODUCT_BUNDLE_IDENTIFIER = "com.taokyone.tre-i-radTests";
				PRODUCT_NAME = "$(TARGET_NAME)";
				SWIFT_EMIT_LOC_STRINGS = NO;
				SWIFT_VERSION = 5.0;
				TARGETED_DEVICE_FAMILY = "1,2";
				TEST_HOST = "$(BUILT_PRODUCTS_DIR)/tre_i_rad.app/$(BUNDLE_EXECUTABLE_FOLDER_PATH)/tre_i_rad";
			};
			name = Debug;
		};
		FE4003082AA5BB8100A6862D /* Release */ = {
			isa = XCBuildConfiguration;
			buildSettings = {
				ALWAYS_EMBED_SWIFT_STANDARD_LIBRARIES = YES;
				BUNDLE_LOADER = "$(TEST_HOST)";
				CODE_SIGN_STYLE = Automatic;
				CURRENT_PROJECT_VERSION = 1;
				GENERATE_INFOPLIST_FILE = YES;
				IPHONEOS_DEPLOYMENT_TARGET = 16.4;
				MARKETING_VERSION = 1.0;
				PRODUCT_BUNDLE_IDENTIFIER = "com.taokyone.tre-i-radTests";
				PRODUCT_NAME = "$(TARGET_NAME)";
				SWIFT_EMIT_LOC_STRINGS = NO;
				SWIFT_VERSION = 5.0;
				TARGETED_DEVICE_FAMILY = "1,2";
				TEST_HOST = "$(BUILT_PRODUCTS_DIR)/tre_i_rad.app/$(BUNDLE_EXECUTABLE_FOLDER_PATH)/tre_i_rad";
			};
			name = Release;
		};
		FE40030A2AA5BB8100A6862D /* Debug */ = {
			isa = XCBuildConfiguration;
			buildSettings = {
				ALWAYS_EMBED_SWIFT_STANDARD_LIBRARIES = YES;
				CODE_SIGN_STYLE = Automatic;
				CURRENT_PROJECT_VERSION = 1;
				GENERATE_INFOPLIST_FILE = YES;
				MARKETING_VERSION = 1.0;
				PRODUCT_BUNDLE_IDENTIFIER = "com.taokyone.tre-i-radUITests";
				PRODUCT_NAME = "$(TARGET_NAME)";
				SWIFT_EMIT_LOC_STRINGS = NO;
				SWIFT_VERSION = 5.0;
				TARGETED_DEVICE_FAMILY = "1,2";
				TEST_TARGET_NAME = tre_i_rad;
			};
			name = Debug;
		};
		FE40030B2AA5BB8100A6862D /* Release */ = {
			isa = XCBuildConfiguration;
			buildSettings = {
				ALWAYS_EMBED_SWIFT_STANDARD_LIBRARIES = YES;
				CODE_SIGN_STYLE = Automatic;
				CURRENT_PROJECT_VERSION = 1;
				GENERATE_INFOPLIST_FILE = YES;
				MARKETING_VERSION = 1.0;
				PRODUCT_BUNDLE_IDENTIFIER = "com.taokyone.tre-i-radUITests";
				PRODUCT_NAME = "$(TARGET_NAME)";
				SWIFT_EMIT_LOC_STRINGS = NO;
				SWIFT_VERSION = 5.0;
				TARGETED_DEVICE_FAMILY = "1,2";
				TEST_TARGET_NAME = tre_i_rad;
			};
			name = Release;
		};
/* End XCBuildConfiguration section */

/* Begin XCConfigurationList section */
		FE4002D42AA5BB7F00A6862D /* Build configuration list for PBXProject "tre_i_rad" */ = {
			isa = XCConfigurationList;
			buildConfigurations = (
				FE4003012AA5BB8100A6862D /* Debug */,
				FE4003022AA5BB8100A6862D /* Release */,
			);
			defaultConfigurationIsVisible = 0;
			defaultConfigurationName = Release;
		};
		FE4003032AA5BB8100A6862D /* Build configuration list for PBXNativeTarget "tre_i_rad" */ = {
			isa = XCConfigurationList;
			buildConfigurations = (
				FE4003042AA5BB8100A6862D /* Debug */,
				FE4003052AA5BB8100A6862D /* Release */,
			);
			defaultConfigurationIsVisible = 0;
			defaultConfigurationName = Release;
		};
		FE4003062AA5BB8100A6862D /* Build configuration list for PBXNativeTarget "tre_i_radTests" */ = {
			isa = XCConfigurationList;
			buildConfigurations = (
				FE4003072AA5BB8100A6862D /* Debug */,
				FE4003082AA5BB8100A6862D /* Release */,
			);
			defaultConfigurationIsVisible = 0;
			defaultConfigurationName = Release;
		};
		FE4003092AA5BB8100A6862D /* Build configuration list for PBXNativeTarget "tre_i_radUITests" */ = {
			isa = XCConfigurationList;
			buildConfigurations = (
				FE40030A2AA5BB8100A6862D /* Debug */,
				FE40030B2AA5BB8100A6862D /* Release */,
			);
			defaultConfigurationIsVisible = 0;
			defaultConfigurationName = Release;
		};
/* End XCConfigurationList section */
	};
	rootObject = FE4002D12AA5BB7F00A6862D /* Project object */;
}
